<Solution>
  <Project Path="MaloteDigital.Api/MaloteDigital.Api.csproj" />
  <Project Path="MaloteDigital.Domain/MaloteDigital.Domain.csproj" Id="2c54fa80-17a5-4514-a0e8-a41172181fb9" />
  <Project Path="MaloteDigital.InfraStructure/MaloteDigital.InfraStructure.csproj" />
  <Project Path="MaloteDigital.UnitTests/MaloteDigital.UnitTests.csproj" Id="2d1d9c2e-e59f-4f52-a066-6e6953d8929d" />
</Solution>
